
Microsoft Visual Studio Solution File, Format Version 12.00
# Visual Studio Version 17
VisualStudioVersion = 17.3.32929.385
MinimumVisualStudioVersion = 10.0.40219.1
Project("{FAE04EC0-301F-11D3-BF4B-00C04F79EFBC}") = "ArknightsMapTileCollector", "ArknightsMapTileCollector\ArknightsMapTileCollector.csproj", "{491BB025-A56C-4DF9-8672-4F7137D2FE6A}"
EndProject
Global
	GlobalSection(SolutionConfigurationPlatforms) = preSolution
		Debug|Any CPU = Debug|Any CPU
		Release|Any CPU = Release|Any CPU
	EndGlobalSection
	GlobalSection(ProjectConfigurationPlatforms) = postSolution
		{491BB025-A56C-4DF9-8672-4F7137D2FE6A}.Debug|Any CPU.ActiveCfg = Debug|Any CPU
		{491BB025-A56C-4DF9-8672-4F7137D2FE6A}.Debug|Any CPU.Build.0 = Debug|Any CPU
		{491BB025-A56C-4DF9-8672-4F7137D2FE6A}.Release|Any CPU.ActiveCfg = Release|Any CPU
		{491BB025-A56C-4DF9-8672-4F7137D2FE6A}.Release|Any CPU.Build.0 = Release|Any CPU
	EndGlobalSection
	GlobalSection(SolutionProperties) = preSolution
		HideSolutionNode = FALSE
	EndGlobalSection
	GlobalSection(ExtensibilityGlobals) = postSolution
		SolutionGuid = {17E10FB1-AF55-4A4F-8F88-F80053BDECB1}
	EndGlobalSection
EndGlobal
